<?xml version="1.0" encoding="utf-8"?>
<Project ToolsVersion="4.0" xmlns="http://schemas.microsoft.com/developer/msbuild/2003">
  <ItemGroup>
    <Filter Include="Engine">
      <UniqueIdentifier>{3395d61d-fbb9-475a-a2a7-6fd5e1a176d5}</UniqueIdentifier>
    </Filter>
    <Filter Include="Game">
      <UniqueIdentifier>{dc0008c0-fab4-4d0c-ba26-eab631b68fa9}</UniqueIdentifier>
    </Filter>
    <Filter Include="Engine\Runtime">
      <UniqueIdentifier>{0c798ca3-231b-4a4e-8987-07b6d80bad8c}</UniqueIdentifier>
    </Filter>
    <Filter Include="Shader">
      <UniqueIdentifier>{7d6ba370-d4de-4461-9547-91e9669e108a}</UniqueIdentifier>
    </Filter>
    <Filter Include="Engine\Runtime\Window">
      <UniqueIdentifier>{7492a1bf-4c2d-4ff1-af70-cc6f78cade91}</UniqueIdentifier>
    </Filter>
    <Filter Include="Engine\Runtime\Tools">
      <UniqueIdentifier>{488433c1-1361-457c-ab56-3dd86b9b93d7}</UniqueIdentifier>
    </Filter>
    <Filter Include="Engine\Runtime\Graphics">
      <UniqueIdentifier>{94a5dbfb-9777-4dcd-b44e-596e8e4b9b20}</UniqueIdentifier>
    </Filter>
    <Filter Include="Engine\Runtime\Core">
      <UniqueIdentifier>{df7cc42a-8715-4af8-abe9-e0f5d12b84e9}</UniqueIdentifier>
    </Filter>
    <Filter Include="Engine\Runtime\Core\Info">
      <UniqueIdentifier>{e5269adf-46a4-43a6-85cb-e71451c2ec31}</UniqueIdentifier>
    </Filter>
    <Filter Include="Engine\Runtime\Core\Renderer">
      <UniqueIdentifier>{27bff001-1e13-4f44-bdea-fedb5720829f}</UniqueIdentifier>
    </Filter>
    <Filter Include="Engine\Runtime\Core\Math">
      <UniqueIdentifier>{8e2bdf9d-c5b7-4ed3-94e8-ef31c9e26aca}</UniqueIdentifier>
    </Filter>
    <Filter Include="Engine\SceneManager">
      <UniqueIdentifier>{c96572b2-405c-498c-b25c-5b97cc763d84}</UniqueIdentifier>
    </Filter>
    <Filter Include="Engine\Math">
      <UniqueIdentifier>{de9e617c-1271-4f59-97b6-57903212e395}</UniqueIdentifier>
    </Filter>
    <Filter Include="Engine\Input">
      <UniqueIdentifier>{d166e28d-5a9d-4d7a-bf35-6832b75762dc}</UniqueIdentifier>
    </Filter>
    <Filter Include="Engine\Create">
      <UniqueIdentifier>{cf7daaef-0c2d-4416-bb8f-3a76172947cb}</UniqueIdentifier>
    </Filter>
    <Filter Include="Engine\Create\Private">
      <UniqueIdentifier>{aeed6feb-26ba-4c3e-87b0-7a834cf107b9}</UniqueIdentifier>
    </Filter>
    <Filter Include="Engine\Create\Public">
      <UniqueIdentifier>{36fe4d3a-b80f-4ea4-be47-9e4e2f90c91d}</UniqueIdentifier>
    </Filter>
    <Filter Include="Engine\Component">
      <UniqueIdentifier>{2ad4e5a6-65fa-4cda-9838-36eb98828ebc}</UniqueIdentifier>
    </Filter>
    <Filter Include="Engine\Component\Private">
      <UniqueIdentifier>{220a45e5-27e3-4764-a133-b19c08cc5a3e}</UniqueIdentifier>
    </Filter>
    <Filter Include="Engine\Component\Public">
      <UniqueIdentifier>{2f0199a2-f937-40e9-b6f0-de4d49b6a20a}</UniqueIdentifier>
    </Filter>
    <Filter Include="Engine\Math\Public">
      <UniqueIdentifier>{0167d119-865a-4f85-82c2-2bf5c8b259df}</UniqueIdentifier>
    </Filter>
    <Filter Include="Engine\Math\Private">
      <UniqueIdentifier>{0b3c6139-745c-4845-98cf-abcc15e6be7b}</UniqueIdentifier>
    </Filter>
    <Filter Include="Game\GameObject">
      <UniqueIdentifier>{2ba0e73e-30d4-44b1-ab65-c6859b3a1ea0}</UniqueIdentifier>
    </Filter>
    <Filter Include="Game\Scene">
      <UniqueIdentifier>{4dbde817-86e3-46e8-adc9-a64d8aa69fa6}</UniqueIdentifier>
    </Filter>
    <Filter Include="Engine\Runtime\DirectTex">
      <UniqueIdentifier>{ebcf8527-9d30-4524-b80f-5142f33347a4}</UniqueIdentifier>
    </Filter>
    <Filter Include="Engine\Runtime\DirectTex\TextureLoader">
      <UniqueIdentifier>{5da69a3b-6c2e-4ce8-8c28-642a1e42c835}</UniqueIdentifier>
    </Filter>
    <Filter Include="Engine\Runtime\Core\Object">
      <UniqueIdentifier>{da89290e-c918-4c07-8b5e-4f4556f3ae4f}</UniqueIdentifier>
    </Filter>
    <Filter Include="Engine\Runtime\Core\Data">
      <UniqueIdentifier>{350e7a33-07ac-452a-9c30-d21da75f27a6}</UniqueIdentifier>
    </Filter>
    <Filter Include="Engine\Data">
      <UniqueIdentifier>{f37b136d-0e5c-46e9-a0a9-8124180c9fe9}</UniqueIdentifier>
    </Filter>
    <Filter Include="Engine\Runtime\Core\Data\Sprite">
      <UniqueIdentifier>{e5463d5d-c1e3-4c29-be49-fda2fe542699}</UniqueIdentifier>
    </Filter>
    <Filter Include="Engine\Runtime\Core\Data\vsShader">
      <UniqueIdentifier>{3d51fb6a-03ae-4663-8424-477d5e467fb4}</UniqueIdentifier>
    </Filter>
    <Filter Include="Engine\Runtime\Core\Data\psShader">
      <UniqueIdentifier>{05e2475c-1ee1-442e-b6fd-20f016fe38a6}</UniqueIdentifier>
    </Filter>
    <Filter Include="Game\GameObject\public">
      <UniqueIdentifier>{7bd44323-7bae-4413-b319-cb17ba925bb9}</UniqueIdentifier>
    </Filter>
    <Filter Include="Game\GameObject\private">
      <UniqueIdentifier>{89b166fa-9ddb-4dc3-8b09-a4171304745f}</UniqueIdentifier>
    </Filter>
    <Filter Include="Game\Object">
      <UniqueIdentifier>{f6ad6b6b-6d02-44cc-8ec0-8a26c5ecfd40}</UniqueIdentifier>
    </Filter>
    <Filter Include="Game\Object\Test">
      <UniqueIdentifier>{8383f8bd-d990-46f4-bb59-58c59920f805}</UniqueIdentifier>
    </Filter>
    <Filter Include="Engine\Component\Public\Physics2D">
      <UniqueIdentifier>{86133024-cb28-40f1-b5a0-15b24217f2aa}</UniqueIdentifier>
    </Filter>
    <Filter Include="Engine\Component\Private\Physics2D">
      <UniqueIdentifier>{f1d8c73b-8154-4f51-8f87-59ee62fae54e}</UniqueIdentifier>
    </Filter>
    <Filter Include="Engine\Component\Private\Renderer">
      <UniqueIdentifier>{473399f6-55c8-4de7-b8a8-3886be80a7f3}</UniqueIdentifier>
    </Filter>
    <Filter Include="Engine\Component\Public\Renderer">
      <UniqueIdentifier>{ffd7778e-3cef-47fb-8235-61145750d71b}</UniqueIdentifier>
    </Filter>
    <Filter Include="Engine\Runtime\Sound">
      <UniqueIdentifier>{231f22d2-5bee-4bad-9160-f92e94c64df4}</UniqueIdentifier>
    </Filter>
    <Filter Include="Engine\Runtime\Core\Data\Tag">
      <UniqueIdentifier>{5684e9a1-fb42-4bda-969e-519e31d561d8}</UniqueIdentifier>
    </Filter>
    <Filter Include="Engine\Runtime\Core\Data\MapData">
      <UniqueIdentifier>{1a012ea4-931c-4d11-8010-d63ddfb7cac2}</UniqueIdentifier>
    </Filter>
    <Filter Include="Engine\Component\Public\Miscellaneous">
      <UniqueIdentifier>{1b56d22c-7271-42c3-83e2-2b85b3570162}</UniqueIdentifier>
    </Filter>
    <Filter Include="Engine\Component\Private\Miscellaneous">
      <UniqueIdentifier>{c446f3ef-f6f9-4c68-afdd-8c3326071215}</UniqueIdentifier>
    </Filter>
    <Filter Include="Engine\Runtime\Core\Data\TexCoord">
      <UniqueIdentifier>{6f534e71-91f0-4441-9d5a-adf67fbd7153}</UniqueIdentifier>
    </Filter>
    <Filter Include="Game\Object\Test\AnimationTest">
      <UniqueIdentifier>{2e15be4c-292d-4bee-adb4-6faf3b58b9e6}</UniqueIdentifier>
    </Filter>
    <Filter Include="TOYALINE">
      <UniqueIdentifier>{3525c8a5-19b8-42d6-ad04-d339c4edfdc7}</UniqueIdentifier>
    </Filter>
    <Filter Include="TOYALINE\Object">
      <UniqueIdentifier>{c2238518-3581-4c84-9bac-f458ee20fdfb}</UniqueIdentifier>
    </Filter>
    <Filter Include="TOYALINE\Object\UI">
      <UniqueIdentifier>{ac2d9210-c109-426f-ad71-88bfd5c8b8d6}</UniqueIdentifier>
    </Filter>
    <Filter Include="TOYALINE\Object\Actor">
      <UniqueIdentifier>{f43e45ea-29b6-434e-a5c3-4f8d5aaed72f}</UniqueIdentifier>
    </Filter>
    <Filter Include="TOYALINE\Object\Actor\Map">
      <UniqueIdentifier>{e70e4044-d341-4464-b76b-0ffc0295cc6c}</UniqueIdentifier>
    </Filter>
    <Filter Include="TOYALINE\Object\Actor\Map\Tile">
      <UniqueIdentifier>{d62cc4da-0f9d-473a-9721-3395f3c1c132}</UniqueIdentifier>
    </Filter>
    <Filter Include="TOYALINE\Object\Camera">
      <UniqueIdentifier>{238be73b-fc97-4214-9e80-799002123215}</UniqueIdentifier>
    </Filter>
    <Filter Include="TOYALINE\Object\Camera\MainCamera">
      <UniqueIdentifier>{30c144ae-9517-4642-8275-8af5af26ba9e}</UniqueIdentifier>
    </Filter>
    <Filter Include="TOYALINE\World1">
      <UniqueIdentifier>{0d31dff2-2c2b-484b-9d86-e8845217cf98}</UniqueIdentifier>
    </Filter>
    <Filter Include="TOYALINE\Script">
      <UniqueIdentifier>{ab90ee41-d302-4a34-8c33-4b2f9ac76e57}</UniqueIdentifier>
    </Filter>
    <Filter Include="TOYALINE\Script\LandTile">
      <UniqueIdentifier>{d5f467eb-ca50-48e2-a283-9e9eff81e521}</UniqueIdentifier>
    </Filter>
    <Filter Include="TOYALINE\Object\Player">
      <UniqueIdentifier>{ee96fa9b-fe48-4196-9909-0b09c22a3ad4}</UniqueIdentifier>
    </Filter>
    <Filter Include="TOYALINE\Object\Player\Animation">
      <UniqueIdentifier>{f3a4d433-624b-4765-8f0b-5eede4cf2672}</UniqueIdentifier>
    </Filter>
    <Filter Include="TOYALINE\World1\Scene">
      <UniqueIdentifier>{c831829e-2dd1-457c-976d-36a6338d4b89}</UniqueIdentifier>
    </Filter>
    <Filter Include="TOYALINE\World2">
      <UniqueIdentifier>{969bb4e7-6325-40b8-8ead-ac2684ec6288}</UniqueIdentifier>
    </Filter>
    <Filter Include="TOYALINE\World2\Scene">
      <UniqueIdentifier>{c58eab8a-34a7-4bca-bc93-1201900e73f4}</UniqueIdentifier>
    </Filter>
    <Filter Include="TOYALINE\World3">
      <UniqueIdentifier>{31aa29ad-0e1f-4d44-b772-23ddf99606f2}</UniqueIdentifier>
    </Filter>
    <Filter Include="TOYALINE\World3\Scene">
      <UniqueIdentifier>{0a1d7490-0f77-4517-9740-5187f13ad396}</UniqueIdentifier>
    </Filter>
    <Filter Include="TOYALINE\World4">
      <UniqueIdentifier>{6e493f1a-c24d-4a80-b240-ff7289ceadbf}</UniqueIdentifier>
    </Filter>
    <Filter Include="TOYALINE\World4\Scene">
      <UniqueIdentifier>{478efb96-d714-4ff5-bf1c-8511f903bc5c}</UniqueIdentifier>
    </Filter>
    <Filter Include="TOYALINE\World5">
      <UniqueIdentifier>{b4767890-2839-4395-a866-1f06425dc453}</UniqueIdentifier>
    </Filter>
    <Filter Include="TOYALINE\World5\Scene">
      <UniqueIdentifier>{6068bf4b-1259-4355-9c3a-5bbb0f1c62c0}</UniqueIdentifier>
    </Filter>
    <Filter Include="TOYALINE\StageSelect">
      <UniqueIdentifier>{999dd4e8-5d73-4e1f-9435-8db426486776}</UniqueIdentifier>
    </Filter>
    <Filter Include="TOYALINE\WorldSelectScene">
      <UniqueIdentifier>{d4c44244-0df3-4d9b-8900-ea1f91a1c13b}</UniqueIdentifier>
    </Filter>
    <Filter Include="TOYALINE\TitleScene">
      <UniqueIdentifier>{0b0598a4-11af-4528-8b39-fc3ba654aa92}</UniqueIdentifier>
    </Filter>
    <Filter Include="TOYALINE\Result">
      <UniqueIdentifier>{957429cc-c006-41b0-b835-9abdbd27da6d}</UniqueIdentifier>
    </Filter>
    <Filter Include="TOYALINE\World1\Road">
      <UniqueIdentifier>{9fc73a66-2316-402b-8b8d-04bc5f0d52eb}</UniqueIdentifier>
    </Filter>
    <Filter Include="TOYALINE\World1\Road\Table">
      <UniqueIdentifier>{2b30a6cd-1a75-4c44-9e4a-3c0d34aee8ac}</UniqueIdentifier>
    </Filter>
    <Filter Include="TOYALINE\World1\Road\Chair">
      <UniqueIdentifier>{0cf82172-424c-45b1-81c4-6db6cffb772f}</UniqueIdentifier>
    </Filter>
    <Filter Include="Engine\Timer">
      <UniqueIdentifier>{33af864f-6e20-46f2-b4d9-94ca2b1c7123}</UniqueIdentifier>
    </Filter>
    <Filter Include="TOYALINE\World1\Road\Cuhsion">
      <UniqueIdentifier>{eca3da19-be6d-482a-be85-78f697d30c1d}</UniqueIdentifier>
    </Filter>
    <Filter Include="TOYALINE\BackGround">
      <UniqueIdentifier>{84c32d85-3d8d-42a4-a32c-6aa3ddb9d8cc}</UniqueIdentifier>
    </Filter>
    <Filter Include="TOYALINE\World1\Road\Desk">
      <UniqueIdentifier>{83035070-34af-490e-999f-96b30a2310c0}</UniqueIdentifier>
    </Filter>
    <Filter Include="TOYALINE\World1\Road\Table\Book">
      <UniqueIdentifier>{a0e85aec-6ce6-4333-a251-9dd726469670}</UniqueIdentifier>
    </Filter>
    <Filter Include="TOYALINE\World1\Road\Sofa">
      <UniqueIdentifier>{86838911-eb71-437a-844c-c73151825103}</UniqueIdentifier>
    </Filter>
    <Filter Include="TOYALINE\Script\ResetInfo">
      <UniqueIdentifier>{97939eee-2a2c-4389-88cf-0f0310858519}</UniqueIdentifier>
    </Filter>
    <Filter Include="TOYALINE\Script\MoveInfo">
      <UniqueIdentifier>{1a41ca03-54c2-4fcb-923d-44ece04fbd21}</UniqueIdentifier>
    </Filter>
    <Filter Include="TOYALINE\World2\Road">
      <UniqueIdentifier>{ec5e07e2-c79b-45c7-bf11-ebf5b9f5f2bb}</UniqueIdentifier>
    </Filter>
    <Filter Include="TOYALINE\World2\Road\Sink">
      <UniqueIdentifier>{609c5c05-1289-4117-82ab-778ca397a094}</UniqueIdentifier>
    </Filter>
    <Filter Include="TOYALINE\World2\Road\Tablewere">
      <UniqueIdentifier>{8eda23fb-c48f-4766-a509-2235836b09be}</UniqueIdentifier>
    </Filter>
    <Filter Include="TOYALINE\World2\Road\Shelf">
      <UniqueIdentifier>{3c6587b1-048c-482a-a2d2-a941e5f90450}</UniqueIdentifier>
    </Filter>
    <Filter Include="TOYALINE\World3\Road">
      <UniqueIdentifier>{f6ce412c-b398-4293-96f7-44e4a57c1f85}</UniqueIdentifier>
    </Filter>
    <Filter Include="TOYALINE\World3\Road\Plants">
      <UniqueIdentifier>{14a1c3b7-3039-4208-b452-bb2ca397079f}</UniqueIdentifier>
    </Filter>
    <Filter Include="TOYALINE\World3\Road\Rose">
      <UniqueIdentifier>{1c09e885-b3e5-4685-9310-6db8d2a4517e}</UniqueIdentifier>
    </Filter>
    <Filter Include="TOYALINE\World3\Road\Tree">
      <UniqueIdentifier>{73fca9b0-dcdd-40c7-bb7e-176a965d6734}</UniqueIdentifier>
    </Filter>
    <Filter Include="TOYALINE\World5\Road">
      <UniqueIdentifier>{bc12f1b6-ac23-4259-83ab-43114e7e8b9d}</UniqueIdentifier>
    </Filter>
    <Filter Include="TOYALINE\World5\Road\House">
      <UniqueIdentifier>{34df20fc-b36c-4273-b3a6-021708b825dd}</UniqueIdentifier>
    </Filter>
    <Filter Include="TOYALINE\World5\Road\Storage">
      <UniqueIdentifier>{84eee0bf-a3c6-4b58-a65e-d3f130fdb842}</UniqueIdentifier>
    </Filter>
    <Filter Include="TOYALINE\World5\Road\Toy">
      <UniqueIdentifier>{1c799b6c-cf60-484f-ade2-c7d7fe7fdb4b}</UniqueIdentifier>
    </Filter>
    <Filter Include="TOYALINE\World5\Road\World5_desk">
      <UniqueIdentifier>{91baed32-1210-4081-8e9f-f867e487f9f7}</UniqueIdentifier>
    </Filter>
    <Filter Include="TOYALINE\Object\Actor\Ceiling">
      <UniqueIdentifier>{cb30f131-90d9-49fe-bf33-0431081dcc1d}</UniqueIdentifier>
    </Filter>
    <Filter Include="TOYALINE\Particle">
      <UniqueIdentifier>{89604b1d-2f21-4c36-a246-bc76bc818047}</UniqueIdentifier>
    </Filter>
    <Filter Include="TOYALINE\Particle\BlockParticle">
      <UniqueIdentifier>{82af80f6-6040-4744-bea2-57e5f37b73f5}</UniqueIdentifier>
    </Filter>
    <Filter Include="TOYALINE\ScreemEffect">
      <UniqueIdentifier>{a6c080f1-160a-4cab-8e38-b1c9f7bed139}</UniqueIdentifier>
    </Filter>
    <Filter Include="TOYALINE\Object\Actor\Map\MoveTile">
      <UniqueIdentifier>{3291f334-c6f2-44fa-81ca-93a7a2bf5c92}</UniqueIdentifier>
    </Filter>
    <Filter Include="TOYALINE\Object\Actor\Map\ResetTile">
      <UniqueIdentifier>{85ab4705-2a1d-4166-8014-2742ae4c4afb}</UniqueIdentifier>
    </Filter>
    <Filter Include="TOYALINE\Particle\BlockParticle\Magic">
      <UniqueIdentifier>{f9b9e33f-e0e2-40bb-b7b5-189c5aa3afe3}</UniqueIdentifier>
    </Filter>
    <Filter Include="TOYALINE\Particle\BlockParticle\Move">
      <UniqueIdentifier>{89505073-af30-422e-acb0-78863e5a9c7a}</UniqueIdentifier>
    </Filter>
    <Filter Include="TOYALINE\Particle\BlockParticle\Reset">
      <UniqueIdentifier>{f0bc3046-3654-4c33-9c6a-3f29698d6bc0}</UniqueIdentifier>
    </Filter>
    <Filter Include="TOYALINE\Object\Actor\Map\ParticleManager">
      <UniqueIdentifier>{ab75ef4c-9106-40fc-8244-578ada0dbdf3}</UniqueIdentifier>
    </Filter>
    <Filter Include="TOYALINE\World4\Road">
      <UniqueIdentifier>{6a93b807-516f-4c10-8f45-d608f68419fe}</UniqueIdentifier>
    </Filter>
    <Filter Include="TOYALINE\Tutorial">
      <UniqueIdentifier>{ae261378-f3ef-4296-bdea-f66fb0b445cf}</UniqueIdentifier>
    </Filter>
  </ItemGroup>
  <ItemGroup>
    <ClCompile Include="Engine\Runtime\Application.cpp">
      <Filter>Engine\Runtime</Filter>
    </ClCompile>
    <ClCompile Include="Engine\Runtime\Engine.cpp">
      <Filter>Engine\Runtime</Filter>
    </ClCompile>
    <ClCompile Include="Engine\Runtime\WinMain.cpp">
      <Filter>Engine\Runtime</Filter>
    </ClCompile>
    <ClCompile Include="Engine\Runtime\Window\WindowCallBack.cpp">
      <Filter>Engine\Runtime\Window</Filter>
    </ClCompile>
    <ClCompile Include="Engine\Runtime\Window\Window.cpp">
      <Filter>Engine\Runtime\Window</Filter>
    </ClCompile>
    <ClCompile Include="Engine\Runtime\Tools\SystemTimer.cpp">
      <Filter>Engine\Runtime\Tools</Filter>
    </ClCompile>
    <ClCompile Include="Engine\Runtime\Tools\FileSystem.cpp">
      <Filter>Engine\Runtime\Tools</Filter>
    </ClCompile>
    <ClCompile Include="Engine\Runtime\Tools\Log.cpp">
      <Filter>Engine\Runtime\Tools</Filter>
    </ClCompile>
    <ClCompile Include="Engine\Runtime\Graphics\Shader.cpp">
      <Filter>Engine\Runtime\Graphics</Filter>
    </ClCompile>
    <ClCompile Include="Engine\Runtime\Graphics\DirectXGraphics.cpp">
      <Filter>Engine\Runtime\Graphics</Filter>
    </ClCompile>
    <ClCompile Include="Engine\Runtime\Core\Shape.cpp">
      <Filter>Engine\Runtime\Core\Math</Filter>
    </ClCompile>
    <ClCompile Include="Engine\Runtime\Core\TransformMatrix.cpp">
      <Filter>Engine\Runtime\Core\Math</Filter>
    </ClCompile>
    <ClCompile Include="Engine\SceneManager\SceneManager.cpp">
      <Filter>Engine\SceneManager</Filter>
    </ClCompile>
    <ClCompile Include="Engine\Input\Input.cpp">
      <Filter>Engine\Input</Filter>
    </ClCompile>
    <ClCompile Include="Engine\Create\GameObject.cpp">
      <Filter>Engine\Create\Private</Filter>
    </ClCompile>
    <ClCompile Include="Engine\Create\Scene.cpp">
      <Filter>Engine\Create\Private</Filter>
    </ClCompile>
    <ClCompile Include="Engine\Component\Transform.cpp">
      <Filter>Engine\Component\Private</Filter>
    </ClCompile>
    <ClCompile Include="Engine\Math\Color.cpp">
      <Filter>Engine\Math\Private</Filter>
    </ClCompile>
    <ClCompile Include="Engine\Math\CRect.cpp">
      <Filter>Engine\Math\Private</Filter>
    </ClCompile>
    <ClCompile Include="Engine\Math\Vector2.cpp">
      <Filter>Engine\Math\Private</Filter>
    </ClCompile>
    <ClCompile Include="Engine\Math\Vector3.cpp">
      <Filter>Engine\Math\Private</Filter>
    </ClCompile>
    <ClCompile Include="directxtex\include\DDSTextureLoader.cpp">
      <Filter>Engine\Runtime\DirectTex\TextureLoader</Filter>
    </ClCompile>
    <ClCompile Include="directxtex\include\WICTextureLoader.cpp">
      <Filter>Engine\Runtime\DirectTex\TextureLoader</Filter>
    </ClCompile>
    <ClCompile Include="Engine\Runtime\Core\Object.cpp">
      <Filter>Engine\Runtime\Core\Object</Filter>
    </ClCompile>
    <ClCompile Include="Engine\Data\DataArray.cpp">
      <Filter>Engine\Data</Filter>
    </ClCompile>
    <ClCompile Include="Engine\Runtime\Core\Sprite.cpp">
      <Filter>Engine\Runtime\Core\Data\Sprite</Filter>
    </ClCompile>
    <ClCompile Include="Engine\Runtime\Core\vsShader.cpp">
      <Filter>Engine\Runtime\Core\Data\vsShader</Filter>
    </ClCompile>
    <ClCompile Include="Engine\Runtime\Core\psShader.cpp">
      <Filter>Engine\Runtime\Core\Data\psShader</Filter>
    </ClCompile>
    <ClCompile Include="Game\GameObject\Camera.cpp">
      <Filter>Game\GameObject\private</Filter>
    </ClCompile>
    <ClCompile Include="Game\GameObject\Actor.cpp">
      <Filter>Game\GameObject\private</Filter>
    </ClCompile>
    <ClCompile Include="Game\GameObject\Character.cpp">
      <Filter>Game\GameObject\private</Filter>
    </ClCompile>
    <ClCompile Include="Map.cpp">
      <Filter>TOYALINE\Object\Actor\Map</Filter>
    </ClCompile>
    <ClCompile Include="Test.cpp">
      <Filter>Game\Object\Test</Filter>
    </ClCompile>
    <ClCompile Include="BackGround.cpp">
      <Filter>TOYALINE\BackGround</Filter>
    </ClCompile>
    <ClCompile Include="MainCamera.cpp">
      <Filter>TOYALINE\Object\Camera\MainCamera</Filter>
    </ClCompile>
    <ClCompile Include="Test2.cpp">
      <Filter>Game\Object\Test</Filter>
    </ClCompile>
    <ClCompile Include="Engine\Component\SpriteRenderer.cpp">
      <Filter>Engine\Component\Private\Renderer</Filter>
    </ClCompile>
    <ClCompile Include="Engine\Component\Physics\BoxCollider2D.cpp">
      <Filter>Engine\Component\Private\Physics2D</Filter>
    </ClCompile>
    <ClCompile Include="Engine\Component\Physics\Rigidbody2d.cpp">
      <Filter>Engine\Component\Private\Physics2D</Filter>
    </ClCompile>
    <ClCompile Include="Engine\Runtime\Sound\Sound.cpp">
      <Filter>Engine\Runtime\Sound</Filter>
    </ClCompile>
    <ClCompile Include="Engine\Runtime\Core\MapData.cpp">
      <Filter>Engine\Runtime\Core\Data\MapData</Filter>
    </ClCompile>
    <ClCompile Include="Player.cpp">
      <Filter>TOYALINE\Object\Player</Filter>
    </ClCompile>
    <ClCompile Include="Engine\Math\Vector.cpp">
      <Filter>Engine\Math\Private</Filter>
    </ClCompile>
    <ClCompile Include="LandTile.cpp">
      <Filter>TOYALINE\Script\LandTile</Filter>
    </ClCompile>
    <ClCompile Include="Tile.cpp">
      <Filter>TOYALINE\Object\Actor\Map\Tile</Filter>
    </ClCompile>
    <ClCompile Include="TileColumn.cpp">
      <Filter>TOYALINE\Object\Actor\Map\Tile</Filter>
    </ClCompile>
    <ClCompile Include="Engine\Create\AnimationController.cpp">
      <Filter>Engine\Create\Private</Filter>
    </ClCompile>
    <ClCompile Include="Engine\Create\Animation.cpp">
      <Filter>Engine\Create\Private</Filter>
    </ClCompile>
    <ClCompile Include="Engine\Component\Miscellaneous\Animator.cpp">
      <Filter>Engine\Component\Private\Miscellaneous</Filter>
    </ClCompile>
    <ClCompile Include="AnimTest.cpp">
      <Filter>Game\Object\Test</Filter>
    </ClCompile>
    <ClCompile Include="DefaultAnim.cpp">
      <Filter>Game\Object\Test\AnimationTest</Filter>
    </ClCompile>
    <ClCompile Include="DefaultAnimController.cpp">
      <Filter>Game\Object\Test\AnimationTest</Filter>
    </ClCompile>
    <ClCompile Include="PlayerAnim.cpp">
      <Filter>TOYALINE\Object\Player\Animation</Filter>
    </ClCompile>
    <ClCompile Include="PlayerAnimController.cpp">
      <Filter>TOYALINE\Object\Player\Animation</Filter>
    </ClCompile>
    <ClCompile Include="AnimTest.cpp" />
    <ClCompile Include="World1StageSelectScene.cpp">
      <Filter>TOYALINE\StageSelect</Filter>
    </ClCompile>
    <ClCompile Include="World2StageSelectScene.cpp">
      <Filter>TOYALINE\StageSelect</Filter>
    </ClCompile>
    <ClCompile Include="World3StageSelectScene.cpp">
      <Filter>TOYALINE\StageSelect</Filter>
    </ClCompile>
    <ClCompile Include="World4StageSelectScene.cpp">
      <Filter>TOYALINE\StageSelect</Filter>
    </ClCompile>
    <ClCompile Include="World5StageSelectScene.cpp">
      <Filter>TOYALINE\StageSelect</Filter>
    </ClCompile>
    <ClCompile Include="World6StageSelectScene.cpp">
      <Filter>TOYALINE\StageSelect</Filter>
    </ClCompile>
    <ClCompile Include="SelectScene.cpp">
      <Filter>TOYALINE\WorldSelectScene</Filter>
    </ClCompile>
    <ClCompile Include="TitleScene.cpp">
      <Filter>TOYALINE\TitleScene</Filter>
    </ClCompile>
    <ClCompile Include="Stage1.cpp">
      <Filter>TOYALINE\World1\Scene</Filter>
    </ClCompile>
    <ClCompile Include="Stage2.cpp">
      <Filter>TOYALINE\World1\Scene</Filter>
    </ClCompile>
    <ClCompile Include="Stage3.cpp">
      <Filter>TOYALINE\World1\Scene</Filter>
    </ClCompile>
    <ClCompile Include="Stage4.cpp">
      <Filter>TOYALINE\World1\Scene</Filter>
    </ClCompile>
    <ClCompile Include="Stage5.cpp">
      <Filter>TOYALINE\World1\Scene</Filter>
    </ClCompile>
    <ClCompile Include="Stage6.cpp">
      <Filter>TOYALINE\World2\Scene</Filter>
    </ClCompile>
    <ClCompile Include="Stage7.cpp">
      <Filter>TOYALINE\World2\Scene</Filter>
    </ClCompile>
    <ClCompile Include="Stage8.cpp">
      <Filter>TOYALINE\World2\Scene</Filter>
    </ClCompile>
    <ClCompile Include="Stage9.cpp">
      <Filter>TOYALINE\World2\Scene</Filter>
    </ClCompile>
    <ClCompile Include="Stage10.cpp">
      <Filter>TOYALINE\World2\Scene</Filter>
    </ClCompile>
    <ClCompile Include="Stage11.cpp">
      <Filter>TOYALINE\World3\Scene</Filter>
    </ClCompile>
    <ClCompile Include="Stage12.cpp">
      <Filter>TOYALINE\World3\Scene</Filter>
    </ClCompile>
    <ClCompile Include="Stage13.cpp">
      <Filter>TOYALINE\World3\Scene</Filter>
    </ClCompile>
    <ClCompile Include="Stage14.cpp">
      <Filter>TOYALINE\World3\Scene</Filter>
    </ClCompile>
    <ClCompile Include="Stage15.cpp">
      <Filter>TOYALINE\World3\Scene</Filter>
    </ClCompile>
    <ClCompile Include="Stage16.cpp">
      <Filter>TOYALINE\World4\Scene</Filter>
    </ClCompile>
    <ClCompile Include="Stage17.cpp">
      <Filter>TOYALINE\World4\Scene</Filter>
    </ClCompile>
    <ClCompile Include="Stage18.cpp">
      <Filter>TOYALINE\World4\Scene</Filter>
    </ClCompile>
    <ClCompile Include="Stage19.cpp">
      <Filter>TOYALINE\World4\Scene</Filter>
    </ClCompile>
    <ClCompile Include="Stage20.cpp">
      <Filter>TOYALINE\World4\Scene</Filter>
    </ClCompile>
    <ClCompile Include="Stage21.cpp">
      <Filter>TOYALINE\World5\Scene</Filter>
    </ClCompile>
    <ClCompile Include="Stage22.cpp">
      <Filter>TOYALINE\World5\Scene</Filter>
    </ClCompile>
    <ClCompile Include="Stage23.cpp">
      <Filter>TOYALINE\World5\Scene</Filter>
    </ClCompile>
    <ClCompile Include="Stage24.cpp">
      <Filter>TOYALINE\World5\Scene</Filter>
    </ClCompile>
    <ClCompile Include="Stage25.cpp">
      <Filter>TOYALINE\World5\Scene</Filter>
    </ClCompile>
    <ClCompile Include="Table.cpp">
      <Filter>TOYALINE\World1\Road\Table</Filter>
    </ClCompile>
    <ClCompile Include="Cuhsion.cpp">
      <Filter>TOYALINE\World1\Road\Cuhsion</Filter>
    </ClCompile>
    <ClCompile Include="Chair.cpp">
      <Filter>TOYALINE\World1\Road\Chair</Filter>
    </ClCompile>
    <ClCompile Include="MoveInfo.cpp">
      <Filter>TOYALINE\Script\MoveInfo</Filter>
    </ClCompile>
    <ClCompile Include="MoveInfoList.cpp">
      <Filter>TOYALINE\Script\MoveInfo</Filter>
    </ClCompile>
    <ClCompile Include="ResetInfo.cpp">
      <Filter>TOYALINE\Script\ResetInfo</Filter>
    </ClCompile>
    <ClCompile Include="ResetInfoList.cpp">
      <Filter>TOYALINE\Script\ResetInfo</Filter>
    </ClCompile>
    <ClCompile Include="Engine\Timer\GameTimer.cpp">
      <Filter>Engine\Timer</Filter>
    </ClCompile>
    <ClCompile Include="BigBook.cpp">
      <Filter>TOYALINE\World1\Road\Table\Book</Filter>
    </ClCompile>
    <ClCompile Include="MiniBook.cpp">
      <Filter>TOYALINE\World1\Road\Table\Book</Filter>
    </ClCompile>
    <ClCompile Include="Desk.cpp">
      <Filter>TOYALINE\World1\Road\Desk</Filter>
    </ClCompile>
    <ClCompile Include="Sofa.cpp">
      <Filter>TOYALINE\World1\Road\Sofa</Filter>
    </ClCompile>
    <ClCompile Include="Ceiling.cpp">
      <Filter>TOYALINE\Object\Actor\Ceiling</Filter>
    </ClCompile>
    <ClCompile Include="Sink.cpp">
      <Filter>TOYALINE\World2\Road\Sink</Filter>
    </ClCompile>
    <ClCompile Include="Tableware.cpp">
      <Filter>TOYALINE\World2\Road\Tablewere</Filter>
    </ClCompile>
    <ClCompile Include="Shelf.cpp">
      <Filter>TOYALINE\World2\Road\Shelf</Filter>
    </ClCompile>
    <ClCompile Include="Plants.cpp">
      <Filter>TOYALINE\World3\Road\Plants</Filter>
    </ClCompile>
    <ClCompile Include="Rose.cpp">
      <Filter>TOYALINE\World3\Road\Rose</Filter>
    </ClCompile>
    <ClCompile Include="Tree.cpp">
      <Filter>TOYALINE\World3\Road\Tree</Filter>
    </ClCompile>
    <ClCompile Include="House.cpp">
      <Filter>TOYALINE\World5\Road\House</Filter>
    </ClCompile>
    <ClCompile Include="World5_desk.cpp">
      <Filter>TOYALINE\World5\Road\World5_desk</Filter>
    </ClCompile>
    <ClCompile Include="Toy.cpp">
      <Filter>TOYALINE\World5\Road\Toy</Filter>
    </ClCompile>
    <ClCompile Include="Storage.cpp">
      <Filter>TOYALINE\World5\Road\Storage</Filter>
    </ClCompile>
    <ClCompile Include="PushAny.cpp" />
    <ClCompile Include="Pause.cpp" />
    <ClCompile Include="Title.cpp" />
    <ClCompile Include="Goal.cpp" />
    <ClCompile Include="Game\GameObject\Effect.cpp">
      <Filter>Game\GameObject\private</Filter>
    </ClCompile>
    <ClCompile Include="Engine\Create\Particle.cpp">
      <Filter>Engine\Create\Private</Filter>
    </ClCompile>
    <ClCompile Include="Engine\Component\Miscellaneous\ParticleSystem.cpp">
      <Filter>Engine\Component\Private\Miscellaneous</Filter>
    </ClCompile>
    <ClCompile Include="MoveManager.cpp">
      <Filter>TOYALINE\Object\Actor\Map\MoveTile</Filter>
    </ClCompile>
    <ClCompile Include="ResetManager.cpp">
      <Filter>TOYALINE\Object\Actor\Map\ResetTile</Filter>
    </ClCompile>
    <ClCompile Include="BlockMagicParticle.cpp">
      <Filter>TOYALINE\Particle\BlockParticle\Magic</Filter>
    </ClCompile>
    <ClCompile Include="BlockMoveParticle.cpp">
      <Filter>TOYALINE\Particle\BlockParticle\Move</Filter>
    </ClCompile>
    <ClCompile Include="BlockResetParticle.cpp">
      <Filter>TOYALINE\Particle\BlockParticle\Reset</Filter>
    </ClCompile>
    <ClCompile Include="BlockMoveEffect.cpp">
      <Filter>TOYALINE\Particle\BlockParticle\Move</Filter>
    </ClCompile>
    <ClCompile Include="BlockMagicEffect.cpp">
      <Filter>TOYALINE\Particle\BlockParticle\Magic</Filter>
    </ClCompile>
    <ClCompile Include="BlockResetEffect.cpp">
      <Filter>TOYALINE\Particle\BlockParticle\Reset</Filter>
    </ClCompile>
    <ClCompile Include="BlockParticleManager.cpp">
      <Filter>TOYALINE\Object\Actor\Map\ParticleManager</Filter>
    </ClCompile>
    <ClCompile Include="CameraFrame.cpp" />
    <ClCompile Include="Fade.cpp" />
    <ClCompile Include="ScreenFx.cpp" />
    <ClCompile Include="BookShelf.cpp">
      <Filter>TOYALINE\World4\Road</Filter>
    </ClCompile>
    <ClCompile Include="PictureFrame.cpp">
      <Filter>TOYALINE\World4\Road</Filter>
    </ClCompile>
    <ClCompile Include="Umbrella.cpp">
      <Filter>TOYALINE\World4\Road</Filter>
    </ClCompile>
    <ClCompile Include="Shelf2.cpp">
      <Filter>TOYALINE\World4\Road</Filter>
    </ClCompile>
    <ClCompile Include="MoveTutorial.cpp">
      <Filter>TOYALINE\Tutorial</Filter>
    </ClCompile>
    <ClCompile Include="JumpTutorial.cpp">
      <Filter>TOYALINE\Tutorial</Filter>
    </ClCompile>
    <ClCompile Include="TutorialAnim.cpp">
      <Filter>TOYALINE\Tutorial</Filter>
    </ClCompile>
    <ClCompile Include="TutorialEffectAnimController.cpp">
      <Filter>TOYALINE\Tutorial</Filter>
    </ClCompile>
    <ClCompile Include="TutorialEffectAnim.cpp">
      <Filter>TOYALINE\Tutorial</Filter>
    </ClCompile>
    <ClCompile Include="JumpTutorialAnim.cpp">
      <Filter>TOYALINE\Tutorial</Filter>
    </ClCompile>
    <ClCompile Include="JumpTutorialAnimController.cpp">
      <Filter>TOYALINE\Tutorial</Filter>
    </ClCompile>
    <ClCompile Include="TutorialAnimController.cpp">
      <Filter>TOYALINE\Tutorial</Filter>
    </ClCompile>
    <ClCompile Include="TutorialEffect.cpp">
      <Filter>TOYALINE\Tutorial</Filter>
    </ClCompile>
    <ClCompile Include="Result.cpp">
      <Filter>TOYALINE\Result</Filter>
    </ClCompile>
  </ItemGroup>
  <ItemGroup>
    <ClInclude Include="Engine\Runtime\Application.h">
      <Filter>Engine\Runtime</Filter>
    </ClInclude>
    <ClInclude Include="Engine\Runtime\Engine.h">
      <Filter>Engine\Runtime</Filter>
    </ClInclude>
    <ClInclude Include="Engine\Runtime\Window\Window.h">
      <Filter>Engine\Runtime\Window</Filter>
    </ClInclude>
    <ClInclude Include="Engine\Runtime\Window\WindowCallBack.h">
      <Filter>Engine\Runtime\Window</Filter>
    </ClInclude>
    <ClInclude Include="Engine\Runtime\Tools\SystemTimer.h">
      <Filter>Engine\Runtime\Tools</Filter>
    </ClInclude>
    <ClInclude Include="Engine\Runtime\Tools\FileSystem.h">
      <Filter>Engine\Runtime\Tools</Filter>
    </ClInclude>
    <ClInclude Include="Engine\Runtime\Tools\Log.h">
      <Filter>Engine\Runtime\Tools</Filter>
    </ClInclude>
    <ClInclude Include="Engine\Runtime\Tools\macro.h">
      <Filter>Engine\Runtime\Tools</Filter>
    </ClInclude>
    <ClInclude Include="Engine\Runtime\Graphics\DirectXGraphics.h">
      <Filter>Engine\Runtime\Graphics</Filter>
    </ClInclude>
    <ClInclude Include="Engine\Runtime\Graphics\Shader.h">
      <Filter>Engine\Runtime\Graphics</Filter>
    </ClInclude>
    <ClInclude Include="Engine\Runtime\Core\InputInfo.h">
      <Filter>Engine\Runtime\Core\Info</Filter>
    </ClInclude>
    <ClInclude Include="Engine\Runtime\Core\Renderer.h">
      <Filter>Engine\Runtime\Core\Renderer</Filter>
    </ClInclude>
    <ClInclude Include="Engine\Runtime\Core\Shape.h">
      <Filter>Engine\Runtime\Core\Math</Filter>
    </ClInclude>
    <ClInclude Include="Engine\Runtime\Core\TransformMatrix.h">
      <Filter>Engine\Runtime\Core\Math</Filter>
    </ClInclude>
    <ClInclude Include="Engine\SceneManager\SceneManager.h">
      <Filter>Engine\SceneManager</Filter>
    </ClInclude>
    <ClInclude Include="Engine\Input\Input.h">
      <Filter>Engine\Input</Filter>
    </ClInclude>
    <ClInclude Include="Engine\Create\Scene.h">
      <Filter>Engine\Create\Public</Filter>
    </ClInclude>
    <ClInclude Include="Engine\Create\GameObject.h">
      <Filter>Engine\Create\Public</Filter>
    </ClInclude>
    <ClInclude Include="Engine\Component\Transform.h">
      <Filter>Engine\Component\Public</Filter>
    </ClInclude>
    <ClInclude Include="Engine\Math\Color.h">
      <Filter>Engine\Math\Public</Filter>
    </ClInclude>
    <ClInclude Include="Engine\Math\CRect.h">
      <Filter>Engine\Math\Public</Filter>
    </ClInclude>
    <ClInclude Include="Engine\Math\Vector2.h">
      <Filter>Engine\Math\Public</Filter>
    </ClInclude>
    <ClInclude Include="Engine\Math\Vector3.h">
      <Filter>Engine\Math\Public</Filter>
    </ClInclude>
    <ClInclude Include="directxtex\include\DDSTextureLoader.h">
      <Filter>Engine\Runtime\DirectTex\TextureLoader</Filter>
    </ClInclude>
    <ClInclude Include="directxtex\include\WICTextureLoader.h">
      <Filter>Engine\Runtime\DirectTex\TextureLoader</Filter>
    </ClInclude>
    <ClInclude Include="directxtex\include\DirectXTex.h">
      <Filter>Engine\Runtime\DirectTex</Filter>
    </ClInclude>
    <ClInclude Include="Engine\Runtime\Core\Object.h">
      <Filter>Engine\Runtime\Core\Object</Filter>
    </ClInclude>
    <ClInclude Include="Engine\Data\DataArray.h">
      <Filter>Engine\Data</Filter>
    </ClInclude>
    <ClInclude Include="Engine\Runtime\Core\Sprite.h">
      <Filter>Engine\Runtime\Core\Data\Sprite</Filter>
    </ClInclude>
    <ClInclude Include="Engine\Runtime\Core\Data.h">
      <Filter>Engine\Runtime\Core\Data</Filter>
    </ClInclude>
    <ClInclude Include="Engine\Runtime\Core\vsShader.h">
      <Filter>Engine\Runtime\Core\Data\vsShader</Filter>
    </ClInclude>
    <ClInclude Include="Engine\Runtime\Core\psShader.h">
      <Filter>Engine\Runtime\Core\Data\psShader</Filter>
    </ClInclude>
    <ClInclude Include="Game\GameObject\Camera.h">
      <Filter>Game\GameObject\public</Filter>
    </ClInclude>
    <ClInclude Include="Game\GameObject\Actor.h">
      <Filter>Game\GameObject\public</Filter>
    </ClInclude>
    <ClInclude Include="ydmEngine.h">
      <Filter>Engine</Filter>
    </ClInclude>
    <ClInclude Include="Game\GameObject\Character.h">
      <Filter>Game\GameObject\public</Filter>
    </ClInclude>
    <ClInclude Include="Map.h">
      <Filter>TOYALINE\Object\Actor\Map</Filter>
    </ClInclude>
    <ClInclude Include="Test.h">
      <Filter>Game\Object\Test</Filter>
    </ClInclude>
    <ClInclude Include="BackGround.h">
      <Filter>TOYALINE\BackGround</Filter>
    </ClInclude>
    <ClInclude Include="MainCamera.h">
      <Filter>TOYALINE\Object\Camera\MainCamera</Filter>
    </ClInclude>
    <ClInclude Include="Test2.h">
      <Filter>Game\Object\Test</Filter>
    </ClInclude>
    <ClInclude Include="Engine\Component\Component.h">
      <Filter>Engine\Component</Filter>
    </ClInclude>
    <ClInclude Include="Engine\Component\SpriteRenderer.h">
      <Filter>Engine\Component\Public\Renderer</Filter>
    </ClInclude>
    <ClInclude Include="Engine\Component\Physics\BoxCollider2D.h">
      <Filter>Engine\Component\Public\Physics2D</Filter>
    </ClInclude>
    <ClInclude Include="Engine\Component\Physics\Rigidbody2d.h">
      <Filter>Engine\Component\Public\Physics2D</Filter>
    </ClInclude>
    <ClInclude Include="Engine\Runtime\Sound\Sound.h">
      <Filter>Engine\Runtime\Sound</Filter>
    </ClInclude>
    <ClInclude Include="SceneList.h">
      <Filter>Engine</Filter>
    </ClInclude>
    <ClInclude Include="Engine\Runtime\Core\Tag.h">
      <Filter>Engine\Runtime\Core\Data\Tag</Filter>
    </ClInclude>
    <ClInclude Include="Engine\Runtime\Core\TagList.h">
      <Filter>Engine</Filter>
    </ClInclude>
    <ClInclude Include="Engine\Runtime\Core\MapData.h">
      <Filter>Engine\Runtime\Core\Data\MapData</Filter>
    </ClInclude>
    <ClInclude Include="Player.h">
      <Filter>TOYALINE\Object\Player</Filter>
    </ClInclude>
    <ClInclude Include="Engine\Math\Vector.h">
      <Filter>Engine\Math\Public</Filter>
    </ClInclude>
    <ClInclude Include="LandTile.h">
      <Filter>TOYALINE\Script\LandTile</Filter>
    </ClInclude>
    <ClInclude Include="TileColumn.h">
      <Filter>TOYALINE\Object\Actor\Map\Tile</Filter>
    </ClInclude>
    <ClInclude Include="Tile.h">
      <Filter>TOYALINE\Object\Actor\Map\Tile</Filter>
    </ClInclude>
    <ClInclude Include="Engine\Runtime\Core\TextureCoordinate.h">
      <Filter>Engine\Runtime\Core\Data\TexCoord</Filter>
    </ClInclude>
    <ClInclude Include="Engine\Create\AnimationController.h">
      <Filter>Engine\Create\Public</Filter>
    </ClInclude>
    <ClInclude Include="Engine\Create\Animation.h">
      <Filter>Engine\Create\Public</Filter>
    </ClInclude>
    <ClInclude Include="Engine\Component\Miscellaneous\Animator.h">
      <Filter>Engine\Component\Public\Miscellaneous</Filter>
    </ClInclude>
    <ClInclude Include="AnimTest.h">
      <Filter>Game</Filter>
    </ClInclude>
    <ClInclude Include="DefaultAnim.h">
      <Filter>Game\Object\Test\AnimationTest</Filter>
    </ClInclude>
    <ClInclude Include="DefaultAnimController.h">
      <Filter>Game\Object\Test\AnimationTest</Filter>
    </ClInclude>
    <ClInclude Include="PlayerAnim.h">
      <Filter>TOYALINE\Object\Player\Animation</Filter>
    </ClInclude>
    <ClInclude Include="PlayerAnimController.h">
      <Filter>TOYALINE\Object\Player\Animation</Filter>
    </ClInclude>
    <ClInclude Include="AnimTest.h" />
    <ClInclude Include="Stage1.h">
      <Filter>TOYALINE\World1\Scene</Filter>
    </ClInclude>
    <ClInclude Include="Stage5.h">
      <Filter>TOYALINE\World1\Scene</Filter>
    </ClInclude>
    <ClInclude Include="Stage4.h">
      <Filter>TOYALINE\World1\Scene</Filter>
    </ClInclude>
    <ClInclude Include="Stage3.h">
      <Filter>TOYALINE\World1\Scene</Filter>
    </ClInclude>
    <ClInclude Include="Stage2.h">
      <Filter>TOYALINE\World1\Scene</Filter>
    </ClInclude>
    <ClInclude Include="Stage6.h">
      <Filter>TOYALINE\World2\Scene</Filter>
    </ClInclude>
    <ClInclude Include="Stage7.h">
      <Filter>TOYALINE\World2\Scene</Filter>
    </ClInclude>
    <ClInclude Include="Stage8.h">
      <Filter>TOYALINE\World2\Scene</Filter>
    </ClInclude>
    <ClInclude Include="Stage9.h">
      <Filter>TOYALINE\World2\Scene</Filter>
    </ClInclude>
    <ClInclude Include="Stage10.h">
      <Filter>TOYALINE\World2\Scene</Filter>
    </ClInclude>
    <ClInclude Include="Stage11.h">
      <Filter>TOYALINE\World3\Scene</Filter>
    </ClInclude>
    <ClInclude Include="Stage12.h">
      <Filter>TOYALINE\World3\Scene</Filter>
    </ClInclude>
    <ClInclude Include="Stage13.h">
      <Filter>TOYALINE\World3\Scene</Filter>
    </ClInclude>
    <ClInclude Include="Stage14.h">
      <Filter>TOYALINE\World3\Scene</Filter>
    </ClInclude>
    <ClInclude Include="Stage15.h">
      <Filter>TOYALINE\World3\Scene</Filter>
    </ClInclude>
    <ClInclude Include="Stage16.h">
      <Filter>TOYALINE\World4\Scene</Filter>
    </ClInclude>
    <ClInclude Include="Stage17.h">
      <Filter>TOYALINE\World4\Scene</Filter>
    </ClInclude>
    <ClInclude Include="Stage18.h">
      <Filter>TOYALINE\World4\Scene</Filter>
    </ClInclude>
    <ClInclude Include="Stage19.h">
      <Filter>TOYALINE\World4\Scene</Filter>
    </ClInclude>
    <ClInclude Include="Stage20.h">
      <Filter>TOYALINE\World4\Scene</Filter>
    </ClInclude>
    <ClInclude Include="Stage21.h">
      <Filter>TOYALINE\World5\Scene</Filter>
    </ClInclude>
    <ClInclude Include="Stage22.h">
      <Filter>TOYALINE\World5\Scene</Filter>
    </ClInclude>
    <ClInclude Include="Stage23.h">
      <Filter>TOYALINE\World5\Scene</Filter>
    </ClInclude>
    <ClInclude Include="Stage24.h">
      <Filter>TOYALINE\World5\Scene</Filter>
    </ClInclude>
    <ClInclude Include="Stage25.h">
      <Filter>TOYALINE\World5\Scene</Filter>
    </ClInclude>
    <ClInclude Include="World1StageSelectScene.h">
      <Filter>TOYALINE\StageSelect</Filter>
    </ClInclude>
    <ClInclude Include="World2StageSelectScene.h">
      <Filter>TOYALINE\StageSelect</Filter>
    </ClInclude>
    <ClInclude Include="World3StageSelectScene.h">
      <Filter>TOYALINE\StageSelect</Filter>
    </ClInclude>
    <ClInclude Include="World4StageSelectScene.h">
      <Filter>TOYALINE\StageSelect</Filter>
    </ClInclude>
    <ClInclude Include="World5StageSelectScene.h">
      <Filter>TOYALINE\StageSelect</Filter>
    </ClInclude>
    <ClInclude Include="World6StageSelectScene.h">
      <Filter>TOYALINE\StageSelect</Filter>
    </ClInclude>
    <ClInclude Include="StageList.h">
      <Filter>TOYALINE\StageSelect</Filter>
    </ClInclude>
    <ClInclude Include="SelectScene.h">
      <Filter>TOYALINE\WorldSelectScene</Filter>
    </ClInclude>
    <ClInclude Include="TitleScene.h">
      <Filter>TOYALINE\TitleScene</Filter>
    </ClInclude>
    <ClInclude Include="Table.h">
      <Filter>TOYALINE\World1\Road\Table</Filter>
    </ClInclude>
    <ClInclude Include="Cuhsion.h">
      <Filter>TOYALINE\World1\Road\Cuhsion</Filter>
    </ClInclude>
    <ClInclude Include="Chair.h">
      <Filter>TOYALINE\World1\Road\Chair</Filter>
    </ClInclude>
    <ClInclude Include="MoveInfo.h">
      <Filter>TOYALINE\Script\MoveInfo</Filter>
    </ClInclude>
    <ClInclude Include="MoveInfoList.h">
      <Filter>TOYALINE\Script\MoveInfo</Filter>
    </ClInclude>
    <ClInclude Include="ResetInfo.h">
      <Filter>TOYALINE\Script\ResetInfo</Filter>
    </ClInclude>
    <ClInclude Include="ResetInfoList.h">
      <Filter>TOYALINE\Script\ResetInfo</Filter>
    </ClInclude>
    <ClInclude Include="Engine\Timer\GameTimer.h">
      <Filter>Engine\Timer</Filter>
    </ClInclude>
    <ClInclude Include="BigBook.h">
      <Filter>TOYALINE\World1\Road\Table\Book</Filter>
    </ClInclude>
    <ClInclude Include="MiniBook.h">
      <Filter>TOYALINE\World1\Road\Table\Book</Filter>
    </ClInclude>
    <ClInclude Include="StageInfo.h">
      <Filter>Game</Filter>
    </ClInclude>
    <ClInclude Include="Desk.h">
      <Filter>TOYALINE\World1\Road\Desk</Filter>
    </ClInclude>
    <ClInclude Include="Sofa.h">
      <Filter>TOYALINE\World1\Road\Sofa</Filter>
    </ClInclude>
    <ClInclude Include="Ceiling.h">
      <Filter>TOYALINE\Object\Actor\Ceiling</Filter>
    </ClInclude>
    <ClInclude Include="Sink.h">
      <Filter>TOYALINE\World2\Road\Sink</Filter>
    </ClInclude>
    <ClInclude Include="Tableware.h">
      <Filter>TOYALINE\World2\Road\Tablewere</Filter>
    </ClInclude>
    <ClInclude Include="Shelf.h">
      <Filter>TOYALINE\World2\Road\Shelf</Filter>
    </ClInclude>
    <ClInclude Include="Plants.h">
      <Filter>TOYALINE\World3\Road\Plants</Filter>
    </ClInclude>
    <ClInclude Include="Rose.h">
      <Filter>TOYALINE\World3\Road\Rose</Filter>
    </ClInclude>
    <ClInclude Include="Tree.h">
      <Filter>TOYALINE\World3\Road\Tree</Filter>
    </ClInclude>
    <ClInclude Include="House.h">
      <Filter>TOYALINE\World5\Road\House</Filter>
    </ClInclude>
    <ClInclude Include="World5_desk.h">
      <Filter>TOYALINE\World5\Road\World5_desk</Filter>
    </ClInclude>
    <ClInclude Include="Toy.h">
      <Filter>TOYALINE\World5\Road\Toy</Filter>
    </ClInclude>
    <ClInclude Include="Storage.h">
      <Filter>TOYALINE\World5\Road\Storage</Filter>
    </ClInclude>
    <ClInclude Include="Game\GameObject\Effect.h">
      <Filter>Game\GameObject\public</Filter>
    </ClInclude>
    <ClInclude Include="Engine\Create\Particle.h">
      <Filter>Engine\Create\Public</Filter>
    </ClInclude>
    <ClInclude Include="Engine\Component\Miscellaneous\ParticleSystem.h">
      <Filter>Engine\Component\Public\Miscellaneous</Filter>
    </ClInclude>
    <ClInclude Include="BlockEffectInfo.h">
      <Filter>TOYALINE\Particle\BlockParticle</Filter>
    </ClInclude>
    <ClInclude Include="MoveManager.h">
      <Filter>TOYALINE\Object\Actor\Map\MoveTile</Filter>
    </ClInclude>
    <ClInclude Include="ResetManager.h">
      <Filter>TOYALINE\Object\Actor\Map\ResetTile</Filter>
    </ClInclude>
    <ClInclude Include="BlockMagicParticle.h">
      <Filter>TOYALINE\Particle\BlockParticle\Magic</Filter>
    </ClInclude>
    <ClInclude Include="BlockMoveParticle.h">
      <Filter>TOYALINE\Particle\BlockParticle\Move</Filter>
    </ClInclude>
    <ClInclude Include="BlockResetParticle.h">
      <Filter>TOYALINE\Particle\BlockParticle\Reset</Filter>
    </ClInclude>
    <ClInclude Include="BlockMoveEffect.h">
      <Filter>TOYALINE\Particle\BlockParticle\Move</Filter>
    </ClInclude>
    <ClInclude Include="BlockMagicEffect.h">
      <Filter>TOYALINE\Particle\BlockParticle\Magic</Filter>
    </ClInclude>
    <ClInclude Include="BlockResetEffect.h">
      <Filter>TOYALINE\Particle\BlockParticle\Reset</Filter>
    </ClInclude>
    <ClInclude Include="BlockParticleManager.h">
      <Filter>TOYALINE\Object\Actor\Map\ParticleManager</Filter>
    </ClInclude>
    <ClInclude Include="CameraFrame.h" />
    <ClInclude Include="Fade.h" />
    <ClInclude Include="ScreenFx.h" />
    <ClInclude Include="BookShelf.h">
      <Filter>TOYALINE\World4\Road</Filter>
    </ClInclude>
    <ClInclude Include="PictureFrame.h">
      <Filter>TOYALINE\World4\Road</Filter>
    </ClInclude>
    <ClInclude Include="Umbrella.h">
      <Filter>TOYALINE\World4\Road</Filter>
    </ClInclude>
    <ClInclude Include="Shelf2.h">
      <Filter>TOYALINE\World4\Road</Filter>
    </ClInclude>
    <ClInclude Include="JumpTutorial.h">
      <Filter>TOYALINE\Tutorial</Filter>
    </ClInclude>
    <ClInclude Include="TutorialAnim.h">
      <Filter>TOYALINE\Tutorial</Filter>
    </ClInclude>
    <ClInclude Include="TutorialEffectAnimController.h">
      <Filter>TOYALINE\Tutorial</Filter>
    </ClInclude>
    <ClInclude Include="TutorialEffectAnim.h">
      <Filter>TOYALINE\Tutorial</Filter>
    </ClInclude>
    <ClInclude Include="JumpTutorialAnim.h">
      <Filter>TOYALINE\Tutorial</Filter>
    </ClInclude>
    <ClInclude Include="JumpTutorialAnimController.h">
      <Filter>TOYALINE\Tutorial</Filter>
    </ClInclude>
    <ClInclude Include="TutorialAnimController.h">
      <Filter>TOYALINE\Tutorial</Filter>
    </ClInclude>
    <ClInclude Include="TutorialEffect.h">
      <Filter>TOYALINE\Tutorial</Filter>
    </ClInclude>
    <ClInclude Include="Goal.h" />
    <ClInclude Include="Pause.h" />
    <ClInclude Include="ProtScene.h" />
    <ClInclude Include="PushAny.h" />
    <ClInclude Include="Title.h" />
    <ClInclude Include="Result.h">
      <Filter>TOYALINE\Result</Filter>
    </ClInclude>
  </ItemGroup>
  <ItemGroup>
    <Text Include="README.txt">
      <Filter>TOYALINE</Filter>
    </Text>
  </ItemGroup>
  <ItemGroup>
    <None Include="directxtex\include\DirectXTex.inl">
      <Filter>Engine\Runtime\DirectTex</Filter>
    </None>
  </ItemGroup>
  <ItemGroup>
    <FxCompile Include="Shader\ps_2DSprite.hlsl">
      <Filter>Shader</Filter>
    </FxCompile>
    <FxCompile Include="Shader\ps_Debug.hlsl">
      <Filter>Shader</Filter>
    </FxCompile>
    <FxCompile Include="Shader\vs_2DSprite.hlsl">
      <Filter>Shader</Filter>
    </FxCompile>
    <FxCompile Include="Shader\vs_Debug.hlsl">
      <Filter>Shader</Filter>
    </FxCompile>
    <FxCompile Include="Shader\vs_Ui.hlsl">
      <Filter>Shader</Filter>
    </FxCompile>
    <FxCompile Include="Shader\ConstantBuffer.hlsl">
      <Filter>Shader</Filter>
    </FxCompile>
    <FxCompile Include="Shader\psvsCommon.hlsl">
      <Filter>Shader</Filter>
    </FxCompile>
  </ItemGroup>
</Project>